Microsoft Visual Studio Solution File, Format Version 12.00
# Visual Studio 2012
Project("{FAE04EC0-301F-11D3-BF4B-00C04F79EFBC}") = "Library", "Library\Library.csproj", "{DBA56339-8E67-4801-BF26-A06F052AF7FC}"
EndProject
Project("{FAE04EC0-301F-11D3-BF4B-00C04F79EFBC}") = "Tests", "Tests\Tests.csproj", "{B5A2182E-2D73-4EDA-8BC9-C82AF363D748}"
EndProject
Project("{FAE04EC0-301F-11D3-BF4B-00C04F79EFBC}") = "Sample OpenTK OpenGL", "Samples\OpenTK-OpenGL\SampleOpenGL.csproj", "{10199F3D-2E04-45FB-8318-ED54FA455BCD}"
EndProject
Project("{FAE04EC0-301F-11D3-BF4B-00C04F79EFBC}") = "Sample SharpDX D3D11", "Samples\SharpDX-D3D11\SampleD3D11.csproj", "{FA422016-08E7-49D7-A759-07EC0D8FAA86}"
EndProject
Project("{2150E333-8FDC-42A3-9474-1A3956D46DE8}") = ".nuget", ".nuget", "{AAD6138C-00D6-429A-9D67-FB8BC0BFC065}"
	ProjectSection(SolutionItems) = preProject
		.nuget\packages.config = .nuget\packages.config
	EndProjectSection
EndProject
Global
	GlobalSection(SolutionConfigurationPlatforms) = preSolution
		Debug|Any CPU = Debug|Any CPU
		Debug-Standalone|Any CPU = Debug-Standalone|Any CPU
		Release|Any CPU = Release|Any CPU
		Release-Standalone|Any CPU = Release-Standalone|Any CPU
	EndGlobalSection
	GlobalSection(ProjectConfigurationPlatforms) = postSolution
		{DBA56339-8E67-4801-BF26-A06F052AF7FC}.Debug|Any CPU.ActiveCfg = Debug|Any CPU
		{DBA56339-8E67-4801-BF26-A06F052AF7FC}.Debug|Any CPU.Build.0 = Debug|Any CPU
		{DBA56339-8E67-4801-BF26-A06F052AF7FC}.Debug-Standalone|Any CPU.ActiveCfg = Debug-Standalone|Any CPU
		{DBA56339-8E67-4801-BF26-A06F052AF7FC}.Debug-Standalone|Any CPU.Build.0 = Debug-Standalone|Any CPU
		{DBA56339-8E67-4801-BF26-A06F052AF7FC}.Release|Any CPU.ActiveCfg = Release|Any CPU
		{DBA56339-8E67-4801-BF26-A06F052AF7FC}.Release|Any CPU.Build.0 = Release|Any CPU
		{DBA56339-8E67-4801-BF26-A06F052AF7FC}.Release-Standalone|Any CPU.ActiveCfg = Release-Standalone|Any CPU
		{DBA56339-8E67-4801-BF26-A06F052AF7FC}.Release-Standalone|Any CPU.Build.0 = Release-Standalone|Any CPU
		{B5A2182E-2D73-4EDA-8BC9-C82AF363D748}.Debug|Any CPU.ActiveCfg = Debug|Any CPU
		{B5A2182E-2D73-4EDA-8BC9-C82AF363D748}.Debug|Any CPU.Build.0 = Debug|Any CPU
		{B5A2182E-2D73-4EDA-8BC9-C82AF363D748}.Debug-Standalone|Any CPU.ActiveCfg = Debug|Any CPU
		{B5A2182E-2D73-4EDA-8BC9-C82AF363D748}.Debug-Standalone|Any CPU.Build.0 = Debug|Any CPU
		{B5A2182E-2D73-4EDA-8BC9-C82AF363D748}.Release|Any CPU.ActiveCfg = Release|Any CPU
		{B5A2182E-2D73-4EDA-8BC9-C82AF363D748}.Release|Any CPU.Build.0 = Release|Any CPU
		{B5A2182E-2D73-4EDA-8BC9-C82AF363D748}.Release-Standalone|Any CPU.ActiveCfg = Release|Any CPU
		{B5A2182E-2D73-4EDA-8BC9-C82AF363D748}.Release-Standalone|Any CPU.Build.0 = Release|Any CPU
		{10199F3D-2E04-45FB-8318-ED54FA455BCD}.Debug|Any CPU.ActiveCfg = Debug|Any CPU
		{10199F3D-2E04-45FB-8318-ED54FA455BCD}.Debug|Any CPU.Build.0 = Debug|Any CPU
		{10199F3D-2E04-45FB-8318-ED54FA455BCD}.Debug-Standalone|Any CPU.ActiveCfg = Debug|Any CPU
		{10199F3D-2E04-45FB-8318-ED54FA455BCD}.Debug-Standalone|Any CPU.Build.0 = Debug|Any CPU
		{10199F3D-2E04-45FB-8318-ED54FA455BCD}.Release|Any CPU.ActiveCfg = Release|Any CPU
		{10199F3D-2E04-45FB-8318-ED54FA455BCD}.Release|Any CPU.Build.0 = Release|Any CPU
		{10199F3D-2E04-45FB-8318-ED54FA455BCD}.Release-Standalone|Any CPU.ActiveCfg = Release|Any CPU
		{10199F3D-2E04-45FB-8318-ED54FA455BCD}.Release-Standalone|Any CPU.Build.0 = Release|Any CPU
		{FA422016-08E7-49D7-A759-07EC0D8FAA86}.Debug|Any CPU.ActiveCfg = Debug|Any CPU
		{FA422016-08E7-49D7-A759-07EC0D8FAA86}.Debug|Any CPU.Build.0 = Debug|Any CPU
		{FA422016-08E7-49D7-A759-07EC0D8FAA86}.Debug-Standalone|Any CPU.ActiveCfg = Debug|Any CPU
		{FA422016-08E7-49D7-A759-07EC0D8FAA86}.Debug-Standalone|Any CPU.Build.0 = Debug|Any CPU
		{FA422016-08E7-49D7-A759-07EC0D8FAA86}.Release|Any CPU.ActiveCfg = Release|Any CPU
		{FA422016-08E7-49D7-A759-07EC0D8FAA86}.Release|Any CPU.Build.0 = Release|Any CPU
		{FA422016-08E7-49D7-A759-07EC0D8FAA86}.Release-Standalone|Any CPU.ActiveCfg = Release|Any CPU
		{FA422016-08E7-49D7-A759-07EC0D8FAA86}.Release-Standalone|Any CPU.Build.0 = Release|Any CPU
	EndGlobalSection
	GlobalSection(SolutionProperties) = preSolution
		HideSolutionNode = FALSE
	EndGlobalSection
	GlobalSection(MonoDevelopProperties) = preSolution
		StartupItem = Library\Library.csproj
	EndGlobalSection
EndGlobal
